%{
  "cc_precompiler": {:hex, :cc_precompiler, "0.1.9", "e8d3364f310da6ce6463c3dd20cf90ae7bbecbf6c5203b98bf9b48035592649b", [:mix], [{:elixir_make, "~> 0.7", [hex: :elixir_make, repo: "hexpm", optional: false]}], "hexpm", "9dcab3d0f3038621f1601f13539e7a9ee99843862e66ad62827b0c42b2f58a54"},
  "elixir_make": {:hex, :elixir_make, "0.7.8", "505026f266552ee5aabca0b9f9c229cbb496c689537c9f922f3eb5431157efc7", [:mix], [{:castore, "~> 0.1 or ~> 1.0", [hex: :castore, repo: "hexpm", optional: true]}, {:certifi, "~> 2.0", [hex: :certifi, repo: "hexpm", optional: true]}], "hexpm", "7a71945b913d37ea89b06966e1342c85cfe549b15e6d6d081e8081c493062c07"},
  "fss": {:hex, :fss, "0.1.1", "9db2344dbbb5d555ce442ac7c2f82dd975b605b50d169314a20f08ed21e08642", [:mix], [], "hexpm", "78ad5955c7919c3764065b21144913df7515d52e228c09427a004afe9c1a16b0"},
  "kino": {:hex, :kino, "0.12.2", "3840f58891860a887a71d042be966f50a3bc2697243d031a46eab19ac101d866", [:mix], [{:fss, "~> 0.1.0", [hex: :fss, repo: "hexpm", optional: false]}, {:nx, "~> 0.1", [hex: :nx, repo: "hexpm", optional: true]}, {:table, "~> 0.1.2", [hex: :table, repo: "hexpm", optional: false]}], "hexpm", "4347a1c30b88999eaa82da6a5a651f8d79f639539f1c3189fb75ac3c03ebab4b"},
  "table": {:hex, :table, "0.1.2", "87ad1125f5b70c5dea0307aa633194083eb5182ec537efc94e96af08937e14a8", [:mix], [], "hexpm", "7e99bc7efef806315c7e65640724bf165c3061cdc5d854060f74468367065029"},
}
